// !$*UTF8*$!
{
	archiveVersion = 1;
	classes = {
	};
	objectVersion = 46;
	objects = {

/* Begin PBXBuildFile section */
		502524371A56ECF60056FEF0 /* shield.cpp in Sources */ = {isa = PBXBuildFile; fileRef = 502524351A56ECF60056FEF0 /* shield.cpp */; };
		5049B2E21A66D9430050F9B1 /* engine.cpp in Sources */ = {isa = PBXBuildFile; fileRef = 5049B2E01A66D9430050F9B1 /* engine.cpp */; };
		505581F71A5EE64200DCECE0 /* hero.cpp in Sources */ = {isa = PBXBuildFile; fileRef = 505581F51A5EE64200DCECE0 /* hero.cpp */; };
		50F125621A4F32520089D32C /* sword.cpp in Sources */ = {isa = PBXBuildFile; fileRef = 50F125601A4F32520089D32C /* sword.cpp */; };
		50F1862E1A32048400BA5CC5 /* weapon.cpp in Sources */ = {isa = PBXBuildFile; fileRef = 50F1862C1A32048400BA5CC5 /* weapon.cpp */; };
		50F610CE1A22C0F100C5EECF /* main.cpp in Sources */ = {isa = PBXBuildFile; fileRef = 50F610CD1A22C0F100C5EECF /* main.cpp */; };
		50F610D61A22C10300C5EECF /* loot.cpp in Sources */ = {isa = PBXBuildFile; fileRef = 50F610D41A22C10300C5EECF /* loot.cpp */; };
/* End PBXBuildFile section */

/* Begin PBXCopyFilesBuildPhase section */
		50F610C81A22C0F100C5EECF /* CopyFiles */ = {
			isa = PBXCopyFilesBuildPhase;
			buildActionMask = 2147483647;
			dstPath = /usr/share/man/man1/;
			dstSubfolderSpec = 0;
			files = (
			);
			runOnlyForDeploymentPostprocessing = 1;
		};
/* End PBXCopyFilesBuildPhase section */

/* Begin PBXFileReference section */
		502524351A56ECF60056FEF0 /* shield.cpp */ = {isa = PBXFileReference; fileEncoding = 4; lastKnownFileType = sourcecode.cpp.cpp; path = shield.cpp; sourceTree = "<group>"; };
		502524361A56ECF60056FEF0 /* shield.h */ = {isa = PBXFileReference; fileEncoding = 4; lastKnownFileType = sourcecode.c.h; path = shield.h; sourceTree = "<group>"; };
		5049B2E01A66D9430050F9B1 /* engine.cpp */ = {isa = PBXFileReference; fileEncoding = 4; lastKnownFileType = sourcecode.cpp.cpp; path = engine.cpp; sourceTree = "<group>"; };
		5049B2E11A66D9430050F9B1 /* engine.h */ = {isa = PBXFileReference; fileEncoding = 4; lastKnownFileType = sourcecode.c.h; path = engine.h; sourceTree = "<group>"; };
		505581F51A5EE64200DCECE0 /* hero.cpp */ = {isa = PBXFileReference; fileEncoding = 4; lastKnownFileType = sourcecode.cpp.cpp; path = hero.cpp; sourceTree = "<group>"; };
		505581F61A5EE64200DCECE0 /* hero.h */ = {isa = PBXFileReference; fileEncoding = 4; lastKnownFileType = sourcecode.c.h; path = hero.h; sourceTree = "<group>"; };
		50F125601A4F32520089D32C /* sword.cpp */ = {isa = PBXFileReference; fileEncoding = 4; lastKnownFileType = sourcecode.cpp.cpp; path = sword.cpp; sourceTree = "<group>"; };
		50F125611A4F32520089D32C /* sword.h */ = {isa = PBXFileReference; fileEncoding = 4; lastKnownFileType = sourcecode.c.h; path = sword.h; sourceTree = "<group>"; };
		50F1862C1A32048400BA5CC5 /* weapon.cpp */ = {isa = PBXFileReference; fileEncoding = 4; lastKnownFileType = sourcecode.cpp.cpp; path = weapon.cpp; sourceTree = "<group>"; };
		50F1862D1A32048400BA5CC5 /* weapon.h */ = {isa = PBXFileReference; fileEncoding = 4; lastKnownFileType = sourcecode.c.h; path = weapon.h; sourceTree = "<group>"; };
		50F610CA1A22C0F100C5EECF /* loot */ = {isa = PBXFileReference; explicitFileType = "compiled.mach-o.executable"; includeInIndex = 0; path = loot; sourceTree = BUILT_PRODUCTS_DIR; };
		50F610CD1A22C0F100C5EECF /* main.cpp */ = {isa = PBXFileReference; lastKnownFileType = sourcecode.cpp.cpp; path = main.cpp; sourceTree = "<group>"; };
		50F610D41A22C10300C5EECF /* loot.cpp */ = {isa = PBXFileReference; fileEncoding = 4; lastKnownFileType = sourcecode.cpp.cpp; path = loot.cpp; sourceTree = "<group>"; };
		50F610D51A22C10300C5EECF /* loot.h */ = {isa = PBXFileReference; fileEncoding = 4; lastKnownFileType = sourcecode.c.h; path = loot.h; sourceTree = "<group>"; };
/* End PBXFileReference section */

/* Begin PBXFrameworksBuildPhase section */
		50F610C71A22C0F100C5EECF /* Frameworks */ = {
			isa = PBXFrameworksBuildPhase;
			buildActionMask = 2147483647;
			files = (
			);
			runOnlyForDeploymentPostprocessing = 0;
		};
/* End PBXFrameworksBuildPhase section */

/* Begin PBXGroup section */
		50F610C11A22C0F100C5EECF = {
			isa = PBXGroup;
			children = (
				50F610CC1A22C0F100C5EECF /* loot */,
				50F610CB1A22C0F100C5EECF /* Products */,
			);
			sourceTree = "<group>";
		};
		50F610CB1A22C0F100C5EECF /* Products */ = {
			isa = PBXGroup;
			children = (
				50F610CA1A22C0F100C5EECF /* loot */,
			);
			name = Products;
			sourceTree = "<group>";
		};
		50F610CC1A22C0F100C5EECF /* loot */ = {
			isa = PBXGroup;
			children = (
				50F610CD1A22C0F100C5EECF /* main.cpp */,
				50F610D41A22C10300C5EECF /* loot.cpp */,
				50F610D51A22C10300C5EECF /* loot.h */,
				50F1862C1A32048400BA5CC5 /* weapon.cpp */,
				50F1862D1A32048400BA5CC5 /* weapon.h */,
				50F125601A4F32520089D32C /* sword.cpp */,
				50F125611A4F32520089D32C /* sword.h */,
				502524351A56ECF60056FEF0 /* shield.cpp */,
				502524361A56ECF60056FEF0 /* shield.h */,
				505581F51A5EE64200DCECE0 /* hero.cpp */,
				505581F61A5EE64200DCECE0 /* hero.h */,
				5049B2E01A66D9430050F9B1 /* engine.cpp */,
				5049B2E11A66D9430050F9B1 /* engine.h */,
			);
			path = loot;
			sourceTree = "<group>";
		};
/* End PBXGroup section */

/* Begin PBXNativeTarget section */
		50F610C91A22C0F100C5EECF /* loot */ = {
			isa = PBXNativeTarget;
			buildConfigurationList = 50F610D11A22C0F100C5EECF /* Build configuration list for PBXNativeTarget "loot" */;
			buildPhases = (
				50F610C61A22C0F100C5EECF /* Sources */,
				50F610C71A22C0F100C5EECF /* Frameworks */,
				50F610C81A22C0F100C5EECF /* CopyFiles */,
			);
			buildRules = (
			);
			dependencies = (
			);
			name = loot;
			productName = loot;
			productReference = 50F610CA1A22C0F100C5EECF /* loot */;
			productType = "com.apple.product-type.tool";
		};
/* End PBXNativeTarget section */

/* Begin PBXProject section */
		50F610C21A22C0F100C5EECF /* Project object */ = {
			isa = PBXProject;
			attributes = {
				LastUpgradeCheck = 0610;
				ORGANIZATIONNAME = "Iden Watanabe";
				TargetAttributes = {
					50F610C91A22C0F100C5EECF = {
						CreatedOnToolsVersion = 6.1;
					};
				};
			};
			buildConfigurationList = 50F610C51A22C0F100C5EECF /* Build configuration list for PBXProject "loot" */;
			compatibilityVersion = "Xcode 3.2";
			developmentRegion = English;
			hasScannedForEncodings = 0;
			knownRegions = (
				en,
			);
			mainGroup = 50F610C11A22C0F100C5EECF;
			productRefGroup = 50F610CB1A22C0F100C5EECF /* Products */;
			projectDirPath = "";
			projectRoot = "";
			targets = (
				50F610C91A22C0F100C5EECF /* loot */,
			);
		};
/* End PBXProject section */

/* Begin PBXSourcesBuildPhase section */
		50F610C61A22C0F100C5EECF /* Sources */ = {
			isa = PBXSourcesBuildPhase;
			buildActionMask = 2147483647;
			files = (
				502524371A56ECF60056FEF0 /* shield.cpp in Sources */,
				50F610CE1A22C0F100C5EECF /* main.cpp in Sources */,
				5049B2E21A66D9430050F9B1 /* engine.cpp in Sources */,
				50F125621A4F32520089D32C /* sword.cpp in Sources */,
				50F1862E1A32048400BA5CC5 /* weapon.cpp in Sources */,
				50F610D61A22C10300C5EECF /* loot.cpp in Sources */,
				505581F71A5EE64200DCECE0 /* hero.cpp in Sources */,
			);
			runOnlyForDeploymentPostprocessing = 0;
		};
/* End PBXSourcesBuildPhase section */

/* Begin XCBuildConfiguration section */
		50F610CF1A22C0F100C5EECF /* Debug */ = {
			isa = XCBuildConfiguration;
			buildSettings = {
				ALWAYS_SEARCH_USER_PATHS = NO;
				CLANG_CXX_LANGUAGE_STANDARD = "gnu++0x";
				CLANG_CXX_LIBRARY = "libc++";
				CLANG_ENABLE_MODULES = YES;
				CLANG_ENABLE_OBJC_ARC = YES;
				CLANG_WARN_BOOL_CONVERSION = YES;
				CLANG_WARN_CONSTANT_CONVERSION = YES;
				CLANG_WARN_DIRECT_OBJC_ISA_USAGE = YES_ERROR;
				CLANG_WARN_EMPTY_BODY = YES;
				CLANG_WARN_ENUM_CONVERSION = YES;
				CLANG_WARN_INT_CONVERSION = YES;
				CLANG_WARN_OBJC_ROOT_CLASS = YES_ERROR;
				CLANG_WARN_UNREACHABLE_CODE = YES;
				CLANG_WARN__DUPLICATE_METHOD_MATCH = YES;
				COPY_PHASE_STRIP = NO;
				ENABLE_STRICT_OBJC_MSGSEND = YES;
				GCC_C_LANGUAGE_STANDARD = gnu99;
				GCC_DYNAMIC_NO_PIC = NO;
				GCC_OPTIMIZATION_LEVEL = 0;
				GCC_PREPROCESSOR_DEFINITIONS = (
					"DEBUG=1",
					"$(inherited)",
				);
				GCC_SYMBOLS_PRIVATE_EXTERN = NO;
				GCC_WARN_64_TO_32_BIT_CONVERSION = YES;
				GCC_WARN_ABOUT_RETURN_TYPE = YES_ERROR;
				GCC_WARN_UNDECLARED_SELECTOR = YES;
				GCC_WARN_UNINITIALIZED_AUTOS = YES_AGGRESSIVE;
				GCC_WARN_UNUSED_FUNCTION = YES;
				GCC_WARN_UNUSED_VARIABLE = YES;
				MACOSX_DEPLOYMENT_TARGET = 10.10;
				MTL_ENABLE_DEBUG_INFO = YES;
				ONLY_ACTIVE_ARCH = YES;
				SDKROOT = macosx;
			};
			name = Debug;
		};
		50F610D01A22C0F100C5EECF /* Release */ = {
			isa = XCBuildConfiguration;
			buildSettings = {
				ALWAYS_SEARCH_USER_PATHS = NO;
				CLANG_CXX_LANGUAGE_STANDARD = "gnu++0x";
				CLANG_CXX_LIBRARY = "libc++";
				CLANG_ENABLE_MODULES = YES;
				CLANG_ENABLE_OBJC_ARC = YES;
				CLANG_WARN_BOOL_CONVERSION = YES;
				CLANG_WARN_CONSTANT_CONVERSION = YES;
				CLANG_WARN_DIRECT_OBJC_ISA_USAGE = YES_ERROR;
				CLANG_WARN_EMPTY_BODY = YES;
				CLANG_WARN_ENUM_CONVERSION = YES;
				CLANG_WARN_INT_CONVERSION = YES;
				CLANG_WARN_OBJC_ROOT_CLASS = YES_ERROR;
				CLANG_WARN_UNREACHABLE_CODE = YES;
				CLANG_WARN__DUPLICATE_METHOD_MATCH = YES;
				COPY_PHASE_STRIP = YES;
				DEBUG_INFORMATION_FORMAT = "dwarf-with-dsym";
				ENABLE_NS_ASSERTIONS = NO;
				ENABLE_STRICT_OBJC_MSGSEND = YES;
				GCC_C_LANGUAGE_STANDARD = gnu99;
				GCC_WARN_64_TO_32_BIT_CONVERSION = YES;
				GCC_WARN_ABOUT_RETURN_TYPE = YES_ERROR;
				GCC_WARN_UNDECLARED_SELECTOR = YES;
				GCC_WARN_UNINITIALIZED_AUTOS = YES_AGGRESSIVE;
				GCC_WARN_UNUSED_FUNCTION = YES;
				GCC_WARN_UNUSED_VARIABLE = YES;
				MACOSX_DEPLOYMENT_TARGET = 10.10;
				MTL_ENABLE_DEBUG_INFO = NO;
				SDKROOT = macosx;
			};
			name = Release;
		};
		50F610D21A22C0F100C5EECF /* Debug */ = {
			isa = XCBuildConfiguration;
			buildSettings = {
				PRODUCT_NAME = "$(TARGET_NAME)";
			};
			name = Debug;
		};
		50F610D31A22C0F100C5EECF /* Release */ = {
			isa = XCBuildConfiguration;
			buildSettings = {
				PRODUCT_NAME = "$(TARGET_NAME)";
			};
			name = Release;
		};
/* End XCBuildConfiguration section */

/* Begin XCConfigurationList section */
		50F610C51A22C0F100C5EECF /* Build configuration list for PBXProject "loot" */ = {
			isa = XCConfigurationList;
			buildConfigurations = (
				50F610CF1A22C0F100C5EECF /* Debug */,
				50F610D01A22C0F100C5EECF /* Release */,
			);
			defaultConfigurationIsVisible = 0;
			defaultConfigurationName = Release;
		};
		50F610D11A22C0F100C5EECF /* Build configuration list for PBXNativeTarget "loot" */ = {
			isa = XCConfigurationList;
			buildConfigurations = (
				50F610D21A22C0F100C5EECF /* Debug */,
				50F610D31A22C0F100C5EECF /* Release */,
			);
			defaultConfigurationIsVisible = 0;
			defaultConfigurationName = Release;
		};
/* End XCConfigurationList section */
	};
	rootObject = 50F610C21A22C0F100C5EECF /* Project object */;
}
